// !$*UTF8*$!
{
	archiveVersion = 1;
	classes = {
	};
	objectVersion = 56;
	objects = {

/* Begin PBXBuildFile section */
		8C04F8ED2AA170A6008A8FD7 /* mainDashboard.swift in Sources */ = {isa = PBXBuildFile; fileRef = 8C04F8EC2AA170A6008A8FD7 /* mainDashboard.swift */; };
		8C04F8F02AA1722D008A8FD7 /* WelcomeBar.png in Resources */ = {isa = PBXBuildFile; fileRef = 8C04F8EF2AA1722D008A8FD7 /* WelcomeBar.png */; };
		8C04F8F22AA173F6008A8FD7 /* timeSchedule.jpg in Resources */ = {isa = PBXBuildFile; fileRef = 8C04F8F12AA173F6008A8FD7 /* timeSchedule.jpg */; };
		8C3EE5312A9433060095D2BF /* KeepUp_App.swift in Sources */ = {isa = PBXBuildFile; fileRef = 8C3EE5302A9433060095D2BF /* KeepUp_App.swift */; };
		8C3EE5332A9433060095D2BF /* ContentView.swift in Sources */ = {isa = PBXBuildFile; fileRef = 8C3EE5322A9433060095D2BF /* ContentView.swift */; };
		8C3EE5352A9433070095D2BF /* Assets.xcassets in Resources */ = {isa = PBXBuildFile; fileRef = 8C3EE5342A9433070095D2BF /* Assets.xcassets */; };
		8C3EE5382A9433070095D2BF /* Preview Assets.xcassets in Resources */ = {isa = PBXBuildFile; fileRef = 8C3EE5372A9433070095D2BF /* Preview Assets.xcassets */; };
		8C3EE5422A9433070095D2BF /* KeepUp_Tests.swift in Sources */ = {isa = PBXBuildFile; fileRef = 8C3EE5412A9433070095D2BF /* KeepUp_Tests.swift */; };
		8C3EE54C2A9433070095D2BF /* KeepUp_UITests.swift in Sources */ = {isa = PBXBuildFile; fileRef = 8C3EE54B2A9433070095D2BF /* KeepUp_UITests.swift */; };
		8C3EE54E2A9433070095D2BF /* KeepUp_UITestsLaunchTests.swift in Sources */ = {isa = PBXBuildFile; fileRef = 8C3EE54D2A9433070095D2BF /* KeepUp_UITestsLaunchTests.swift */; };
		8C3EE55B2A94331D0095D2BF /* Launch Screen.storyboard in Resources */ = {isa = PBXBuildFile; fileRef = 8C3EE55A2A94331D0095D2BF /* Launch Screen.storyboard */; };
		8CD462392AA6C64A00F8AD8F /* mainCameraFuction.swift in Sources */ = {isa = PBXBuildFile; fileRef = 8CD462382AA6C64A00F8AD8F /* mainCameraFuction.swift */; };
		8CE77F932AAB8B1B00F9DA08 /* GoogleService-Info.plist in Resources */ = {isa = PBXBuildFile; fileRef = 8CE77F922AAB8B1B00F9DA08 /* GoogleService-Info.plist */; };
		8CE77F962AAB8BC700F9DA08 /* FirebaseAnalytics in Frameworks */ = {isa = PBXBuildFile; productRef = 8CE77F952AAB8BC700F9DA08 /* FirebaseAnalytics */; };
		8CE77F982AAB8BC700F9DA08 /* FirebaseDatabase in Frameworks */ = {isa = PBXBuildFile; productRef = 8CE77F972AAB8BC700F9DA08 /* FirebaseDatabase */; };
		8CE77F9A2AAB8BC700F9DA08 /* FirebaseDatabaseSwift in Frameworks */ = {isa = PBXBuildFile; productRef = 8CE77F992AAB8BC700F9DA08 /* FirebaseDatabaseSwift */; };
		8CE77F9C2AAB8BC700F9DA08 /* FirebaseStorage in Frameworks */ = {isa = PBXBuildFile; productRef = 8CE77F9B2AAB8BC700F9DA08 /* FirebaseStorage */; };
		8CF997B92AA5546C00ACAA50 /* CameraViewOne.swift in Sources */ = {isa = PBXBuildFile; fileRef = 8CF997B82AA5546C00ACAA50 /* CameraViewOne.swift */; };
		8CF997BB2AA55C4800ACAA50 /* CameraViewTwo.swift in Sources */ = {isa = PBXBuildFile; fileRef = 8CF997BA2AA55C4800ACAA50 /* CameraViewTwo.swift */; };
		8CF997BD2AA55DB600ACAA50 /* CameraViewThree.swift in Sources */ = {isa = PBXBuildFile; fileRef = 8CF997BC2AA55DB600ACAA50 /* CameraViewThree.swift */; };
		8CF997BF2AA55DBF00ACAA50 /* CameraViewFour.swift in Sources */ = {isa = PBXBuildFile; fileRef = 8CF997BE2AA55DBF00ACAA50 /* CameraViewFour.swift */; };
		8CF997C12AA55DC500ACAA50 /* CameraViewFifth.swift in Sources */ = {isa = PBXBuildFile; fileRef = 8CF997C02AA55DC500ACAA50 /* CameraViewFifth.swift */; };
		8CF997C32AA55DCC00ACAA50 /* CameraViewSixth.swift in Sources */ = {isa = PBXBuildFile; fileRef = 8CF997C22AA55DCC00ACAA50 /* CameraViewSixth.swift */; };
		8CF997C52AA55DD200ACAA50 /* CameraViewSeventh.swift in Sources */ = {isa = PBXBuildFile; fileRef = 8CF997C42AA55DD200ACAA50 /* CameraViewSeventh.swift */; };
		8CF997C72AA55DD800ACAA50 /* CameraViewEight.swift in Sources */ = {isa = PBXBuildFile; fileRef = 8CF997C62AA55DD800ACAA50 /* CameraViewEight.swift */; };
		8CF997C92AA55DE200ACAA50 /* CameraViewNinth.swift in Sources */ = {isa = PBXBuildFile; fileRef = 8CF997C82AA55DE200ACAA50 /* CameraViewNinth.swift */; };
		8CF997CB2AA55DF300ACAA50 /* CameraViewTenth.swift in Sources */ = {isa = PBXBuildFile; fileRef = 8CF997CA2AA55DF300ACAA50 /* CameraViewTenth.swift */; };
/* End PBXBuildFile section */

/* Begin PBXContainerItemProxy section */
		8C3EE53E2A9433070095D2BF /* PBXContainerItemProxy */ = {
			isa = PBXContainerItemProxy;
			containerPortal = 8C3EE5252A9433060095D2BF /* Project object */;
			proxyType = 1;
			remoteGlobalIDString = 8C3EE52C2A9433060095D2BF;
			remoteInfo = "KeepUp!";
		};
		8C3EE5482A9433070095D2BF /* PBXContainerItemProxy */ = {
			isa = PBXContainerItemProxy;
			containerPortal = 8C3EE5252A9433060095D2BF /* Project object */;
			proxyType = 1;
			remoteGlobalIDString = 8C3EE52C2A9433060095D2BF;
			remoteInfo = "KeepUp!";
		};
/* End PBXContainerItemProxy section */

/* Begin PBXFileReference section */
		8C04F8EC2AA170A6008A8FD7 /* mainDashboard.swift */ = {isa = PBXFileReference; lastKnownFileType = sourcecode.swift; path = mainDashboard.swift; sourceTree = "<group>"; };
		8C04F8EF2AA1722D008A8FD7 /* WelcomeBar.png */ = {isa = PBXFileReference; lastKnownFileType = image.png; path = WelcomeBar.png; sourceTree = "<group>"; };
		8C04F8F12AA173F6008A8FD7 /* timeSchedule.jpg */ = {isa = PBXFileReference; lastKnownFileType = image.jpeg; path = timeSchedule.jpg; sourceTree = "<group>"; };
		8C3EE52D2A9433060095D2BF /* KeepUp!.app */ = {isa = PBXFileReference; explicitFileType = wrapper.application; includeInIndex = 0; path = "KeepUp!.app"; sourceTree = BUILT_PRODUCTS_DIR; };
		8C3EE5302A9433060095D2BF /* KeepUp_App.swift */ = {isa = PBXFileReference; lastKnownFileType = sourcecode.swift; path = KeepUp_App.swift; sourceTree = "<group>"; };
		8C3EE5322A9433060095D2BF /* ContentView.swift */ = {isa = PBXFileReference; lastKnownFileType = sourcecode.swift; path = ContentView.swift; sourceTree = "<group>"; };
		8C3EE5342A9433070095D2BF /* Assets.xcassets */ = {isa = PBXFileReference; lastKnownFileType = folder.assetcatalog; path = Assets.xcassets; sourceTree = "<group>"; };
		8C3EE5372A9433070095D2BF /* Preview Assets.xcassets */ = {isa = PBXFileReference; lastKnownFileType = folder.assetcatalog; path = "Preview Assets.xcassets"; sourceTree = "<group>"; };
		8C3EE53D2A9433070095D2BF /* KeepUp!Tests.xctest */ = {isa = PBXFileReference; explicitFileType = wrapper.cfbundle; includeInIndex = 0; path = "KeepUp!Tests.xctest"; sourceTree = BUILT_PRODUCTS_DIR; };
		8C3EE5412A9433070095D2BF /* KeepUp_Tests.swift */ = {isa = PBXFileReference; lastKnownFileType = sourcecode.swift; path = KeepUp_Tests.swift; sourceTree = "<group>"; };
		8C3EE5472A9433070095D2BF /* KeepUp!UITests.xctest */ = {isa = PBXFileReference; explicitFileType = wrapper.cfbundle; includeInIndex = 0; path = "KeepUp!UITests.xctest"; sourceTree = BUILT_PRODUCTS_DIR; };
		8C3EE54B2A9433070095D2BF /* KeepUp_UITests.swift */ = {isa = PBXFileReference; lastKnownFileType = sourcecode.swift; path = KeepUp_UITests.swift; sourceTree = "<group>"; };
		8C3EE54D2A9433070095D2BF /* KeepUp_UITestsLaunchTests.swift */ = {isa = PBXFileReference; lastKnownFileType = sourcecode.swift; path = KeepUp_UITestsLaunchTests.swift; sourceTree = "<group>"; };
		8C3EE55A2A94331D0095D2BF /* Launch Screen.storyboard */ = {isa = PBXFileReference; lastKnownFileType = file.storyboard; path = "Launch Screen.storyboard"; sourceTree = "<group>"; };
		8CD462382AA6C64A00F8AD8F /* mainCameraFuction.swift */ = {isa = PBXFileReference; lastKnownFileType = sourcecode.swift; path = mainCameraFuction.swift; sourceTree = "<group>"; };
		8CE77F922AAB8B1B00F9DA08 /* GoogleService-Info.plist */ = {isa = PBXFileReference; fileEncoding = 4; lastKnownFileType = text.plist.xml; path = "GoogleService-Info.plist"; sourceTree = "<group>"; };
		8CF997B82AA5546C00ACAA50 /* CameraViewOne.swift */ = {isa = PBXFileReference; lastKnownFileType = sourcecode.swift; path = CameraViewOne.swift; sourceTree = "<group>"; };
		8CF997BA2AA55C4800ACAA50 /* CameraViewTwo.swift */ = {isa = PBXFileReference; lastKnownFileType = sourcecode.swift; path = CameraViewTwo.swift; sourceTree = "<group>"; };
		8CF997BC2AA55DB600ACAA50 /* CameraViewThree.swift */ = {isa = PBXFileReference; lastKnownFileType = sourcecode.swift; path = CameraViewThree.swift; sourceTree = "<group>"; };
		8CF997BE2AA55DBF00ACAA50 /* CameraViewFour.swift */ = {isa = PBXFileReference; lastKnownFileType = sourcecode.swift; path = CameraViewFour.swift; sourceTree = "<group>"; };
		8CF997C02AA55DC500ACAA50 /* CameraViewFifth.swift */ = {isa = PBXFileReference; lastKnownFileType = sourcecode.swift; path = CameraViewFifth.swift; sourceTree = "<group>"; };
		8CF997C22AA55DCC00ACAA50 /* CameraViewSixth.swift */ = {isa = PBXFileReference; lastKnownFileType = sourcecode.swift; path = CameraViewSixth.swift; sourceTree = "<group>"; };
		8CF997C42AA55DD200ACAA50 /* CameraViewSeventh.swift */ = {isa = PBXFileReference; lastKnownFileType = sourcecode.swift; path = CameraViewSeventh.swift; sourceTree = "<group>"; };
		8CF997C62AA55DD800ACAA50 /* CameraViewEight.swift */ = {isa = PBXFileReference; lastKnownFileType = sourcecode.swift; path = CameraViewEight.swift; sourceTree = "<group>"; };
		8CF997C82AA55DE200ACAA50 /* CameraViewNinth.swift */ = {isa = PBXFileReference; lastKnownFileType = sourcecode.swift; path = CameraViewNinth.swift; sourceTree = "<group>"; };
		8CF997CA2AA55DF300ACAA50 /* CameraViewTenth.swift */ = {isa = PBXFileReference; lastKnownFileType = sourcecode.swift; path = CameraViewTenth.swift; sourceTree = "<group>"; };
/* End PBXFileReference section */

/* Begin PBXFrameworksBuildPhase section */
		8C3EE52A2A9433060095D2BF /* Frameworks */ = {
			isa = PBXFrameworksBuildPhase;
			buildActionMask = 2147483647;
			files = (
				8CE77F9A2AAB8BC700F9DA08 /* FirebaseDatabaseSwift in Frameworks */,
				8CE77F9C2AAB8BC700F9DA08 /* FirebaseStorage in Frameworks */,
				8CE77F982AAB8BC700F9DA08 /* FirebaseDatabase in Frameworks */,
				8CE77F962AAB8BC700F9DA08 /* FirebaseAnalytics in Frameworks */,
			);
			runOnlyForDeploymentPostprocessing = 0;
		};
		8C3EE53A2A9433070095D2BF /* Frameworks */ = {
			isa = PBXFrameworksBuildPhase;
			buildActionMask = 2147483647;
			files = (
			);
			runOnlyForDeploymentPostprocessing = 0;
		};
		8C3EE5442A9433070095D2BF /* Frameworks */ = {
			isa = PBXFrameworksBuildPhase;
			buildActionMask = 2147483647;
			files = (
			);
			runOnlyForDeploymentPostprocessing = 0;
		};
/* End PBXFrameworksBuildPhase section */

/* Begin PBXGroup section */
		8C04F8EE2AA171E9008A8FD7 /* Images */ = {
			isa = PBXGroup;
			children = (
				8C04F8EF2AA1722D008A8FD7 /* WelcomeBar.png */,
				8C04F8F12AA173F6008A8FD7 /* timeSchedule.jpg */,
			);
			path = Images;
			sourceTree = "<group>";
		};
		8C3EE5242A9433060095D2BF = {
			isa = PBXGroup;
			children = (
				8C3EE52F2A9433060095D2BF /* KeepUp! */,
				8C3EE5402A9433070095D2BF /* KeepUp!Tests */,
				8C3EE54A2A9433070095D2BF /* KeepUp!UITests */,
				8C3EE52E2A9433060095D2BF /* Products */,
			);
			sourceTree = "<group>";
		};
		8C3EE52E2A9433060095D2BF /* Products */ = {
			isa = PBXGroup;
			children = (
				8C3EE52D2A9433060095D2BF /* KeepUp!.app */,
				8C3EE53D2A9433070095D2BF /* KeepUp!Tests.xctest */,
				8C3EE5472A9433070095D2BF /* KeepUp!UITests.xctest */,
			);
			name = Products;
			sourceTree = "<group>";
		};
		8C3EE52F2A9433060095D2BF /* KeepUp! */ = {
			isa = PBXGroup;
			children = (
				8C3EE55A2A94331D0095D2BF /* Launch Screen.storyboard */,
				8C3EE5302A9433060095D2BF /* KeepUp_App.swift */,
				8C3EE5322A9433060095D2BF /* ContentView.swift */,
				8C3EE55E2A94347E0095D2BF /* Navigation */,
				8CF997B52AA5545A00ACAA50 /* Camera */,
				8C3EE5342A9433070095D2BF /* Assets.xcassets */,
				8CE77F922AAB8B1B00F9DA08 /* GoogleService-Info.plist */,
				8C3EE5362A9433070095D2BF /* Preview Content */,
			);
			path = "KeepUp!";
			sourceTree = "<group>";
		};
		8C3EE5362A9433070095D2BF /* Preview Content */ = {
			isa = PBXGroup;
			children = (
				8C3EE5372A9433070095D2BF /* Preview Assets.xcassets */,
			);
			path = "Preview Content";
			sourceTree = "<group>";
		};
		8C3EE5402A9433070095D2BF /* KeepUp!Tests */ = {
			isa = PBXGroup;
			children = (
				8C3EE5412A9433070095D2BF /* KeepUp_Tests.swift */,
			);
			path = "KeepUp!Tests";
			sourceTree = "<group>";
		};
		8C3EE54A2A9433070095D2BF /* KeepUp!UITests */ = {
			isa = PBXGroup;
			children = (
				8C3EE54B2A9433070095D2BF /* KeepUp_UITests.swift */,
				8C3EE54D2A9433070095D2BF /* KeepUp_UITestsLaunchTests.swift */,
			);
			path = "KeepUp!UITests";
			sourceTree = "<group>";
		};
		8C3EE55E2A94347E0095D2BF /* Navigation */ = {
			isa = PBXGroup;
			children = (
				8C04F8EC2AA170A6008A8FD7 /* mainDashboard.swift */,
				8C04F8EE2AA171E9008A8FD7 /* Images */,
			);
			path = Navigation;
			sourceTree = "<group>";
		};
		8CF997B52AA5545A00ACAA50 /* Camera */ = {
			isa = PBXGroup;
			children = (
				8CD462382AA6C64A00F8AD8F /* mainCameraFuction.swift */,
				8CF997B82AA5546C00ACAA50 /* CameraViewOne.swift */,
				8CF997BA2AA55C4800ACAA50 /* CameraViewTwo.swift */,
				8CF997BC2AA55DB600ACAA50 /* CameraViewThree.swift */,
				8CF997BE2AA55DBF00ACAA50 /* CameraViewFour.swift */,
				8CF997C02AA55DC500ACAA50 /* CameraViewFifth.swift */,
				8CF997C22AA55DCC00ACAA50 /* CameraViewSixth.swift */,
				8CF997C42AA55DD200ACAA50 /* CameraViewSeventh.swift */,
				8CF997C62AA55DD800ACAA50 /* CameraViewEight.swift */,
				8CF997C82AA55DE200ACAA50 /* CameraViewNinth.swift */,
				8CF997CA2AA55DF300ACAA50 /* CameraViewTenth.swift */,
			);
			path = Camera;
			sourceTree = "<group>";
		};
/* End PBXGroup section */

/* Begin PBXNativeTarget section */
		8C3EE52C2A9433060095D2BF /* KeepUp! */ = {
			isa = PBXNativeTarget;
			buildConfigurationList = 8C3EE5512A9433070095D2BF /* Build configuration list for PBXNativeTarget "KeepUp!" */;
			buildPhases = (
				8C3EE5292A9433060095D2BF /* Sources */,
				8C3EE52A2A9433060095D2BF /* Frameworks */,
				8C3EE52B2A9433060095D2BF /* Resources */,
			);
			buildRules = (
			);
			dependencies = (
			);
			name = "KeepUp!";
			packageProductDependencies = (
				8CE77F952AAB8BC700F9DA08 /* FirebaseAnalytics */,
				8CE77F972AAB8BC700F9DA08 /* FirebaseDatabase */,
				8CE77F992AAB8BC700F9DA08 /* FirebaseDatabaseSwift */,
				8CE77F9B2AAB8BC700F9DA08 /* FirebaseStorage */,
			);
			productName = "KeepUp!";
			productReference = 8C3EE52D2A9433060095D2BF /* KeepUp!.app */;
			productType = "com.apple.product-type.application";
		};
		8C3EE53C2A9433070095D2BF /* KeepUp!Tests */ = {
			isa = PBXNativeTarget;
			buildConfigurationList = 8C3EE5542A9433070095D2BF /* Build configuration list for PBXNativeTarget "KeepUp!Tests" */;
			buildPhases = (
				8C3EE5392A9433070095D2BF /* Sources */,
				8C3EE53A2A9433070095D2BF /* Frameworks */,
				8C3EE53B2A9433070095D2BF /* Resources */,
			);
			buildRules = (
			);
			dependencies = (
				8C3EE53F2A9433070095D2BF /* PBXTargetDependency */,
			);
			name = "KeepUp!Tests";
			productName = "KeepUp!Tests";
			productReference = 8C3EE53D2A9433070095D2BF /* KeepUp!Tests.xctest */;
			productType = "com.apple.product-type.bundle.unit-test";
		};
		8C3EE5462A9433070095D2BF /* KeepUp!UITests */ = {
			isa = PBXNativeTarget;
			buildConfigurationList = 8C3EE5572A9433070095D2BF /* Build configuration list for PBXNativeTarget "KeepUp!UITests" */;
			buildPhases = (
				8C3EE5432A9433070095D2BF /* Sources */,
				8C3EE5442A9433070095D2BF /* Frameworks */,
				8C3EE5452A9433070095D2BF /* Resources */,
			);
			buildRules = (
			);
			dependencies = (
				8C3EE5492A9433070095D2BF /* PBXTargetDependency */,
			);
			name = "KeepUp!UITests";
			productName = "KeepUp!UITests";
			productReference = 8C3EE5472A9433070095D2BF /* KeepUp!UITests.xctest */;
			productType = "com.apple.product-type.bundle.ui-testing";
		};
/* End PBXNativeTarget section */

/* Begin PBXProject section */
		8C3EE5252A9433060095D2BF /* Project object */ = {
			isa = PBXProject;
			attributes = {
				BuildIndependentTargetsInParallel = 1;
				LastSwiftUpdateCheck = 1430;
				LastUpgradeCheck = 1430;
				TargetAttributes = {
					8C3EE52C2A9433060095D2BF = {
						CreatedOnToolsVersion = 14.3.1;
					};
					8C3EE53C2A9433070095D2BF = {
						CreatedOnToolsVersion = 14.3.1;
						TestTargetID = 8C3EE52C2A9433060095D2BF;
					};
					8C3EE5462A9433070095D2BF = {
						CreatedOnToolsVersion = 14.3.1;
						TestTargetID = 8C3EE52C2A9433060095D2BF;
					};
				};
			};
			buildConfigurationList = 8C3EE5282A9433060095D2BF /* Build configuration list for PBXProject "KeepUp!" */;
			compatibilityVersion = "Xcode 14.0";
			developmentRegion = en;
			hasScannedForEncodings = 0;
			knownRegions = (
				en,
				Base,
			);
			mainGroup = 8C3EE5242A9433060095D2BF;
			packageReferences = (
				8CE77F942AAB8BC700F9DA08 /* XCRemoteSwiftPackageReference "firebase-ios-sdk" */,
			);
			productRefGroup = 8C3EE52E2A9433060095D2BF /* Products */;
			projectDirPath = "";
			projectRoot = "";
			targets = (
				8C3EE52C2A9433060095D2BF /* KeepUp! */,
				8C3EE53C2A9433070095D2BF /* KeepUp!Tests */,
				8C3EE5462A9433070095D2BF /* KeepUp!UITests */,
			);
		};
/* End PBXProject section */

/* Begin PBXResourcesBuildPhase section */
		8C3EE52B2A9433060095D2BF /* Resources */ = {
			isa = PBXResourcesBuildPhase;
			buildActionMask = 2147483647;
			files = (
				8C3EE55B2A94331D0095D2BF /* Launch Screen.storyboard in Resources */,
				8CE77F932AAB8B1B00F9DA08 /* GoogleService-Info.plist in Resources */,
				8C3EE5382A9433070095D2BF /* Preview Assets.xcassets in Resources */,
				8C3EE5352A9433070095D2BF /* Assets.xcassets in Resources */,
				8C04F8F22AA173F6008A8FD7 /* timeSchedule.jpg in Resources */,
				8C04F8F02AA1722D008A8FD7 /* WelcomeBar.png in Resources */,
			);
			runOnlyForDeploymentPostprocessing = 0;
		};
		8C3EE53B2A9433070095D2BF /* Resources */ = {
			isa = PBXResourcesBuildPhase;
			buildActionMask = 2147483647;
			files = (
			);
			runOnlyForDeploymentPostprocessing = 0;
		};
		8C3EE5452A9433070095D2BF /* Resources */ = {
			isa = PBXResourcesBuildPhase;
			buildActionMask = 2147483647;
			files = (
			);
			runOnlyForDeploymentPostprocessing = 0;
		};
/* End PBXResourcesBuildPhase section */

/* Begin PBXSourcesBuildPhase section */
		8C3EE5292A9433060095D2BF /* Sources */ = {
			isa = PBXSourcesBuildPhase;
			buildActionMask = 2147483647;
			files = (
				8CF997BB2AA55C4800ACAA50 /* CameraViewTwo.swift in Sources */,
				8CF997BF2AA55DBF00ACAA50 /* CameraViewFour.swift in Sources */,
				8CD462392AA6C64A00F8AD8F /* mainCameraFuction.swift in Sources */,
				8CF997CB2AA55DF300ACAA50 /* CameraViewTenth.swift in Sources */,
				8CF997B92AA5546C00ACAA50 /* CameraViewOne.swift in Sources */,
				8CF997BD2AA55DB600ACAA50 /* CameraViewThree.swift in Sources */,
				8C04F8ED2AA170A6008A8FD7 /* mainDashboard.swift in Sources */,
				8CF997C92AA55DE200ACAA50 /* CameraViewNinth.swift in Sources */,
				8CF997C72AA55DD800ACAA50 /* CameraViewEight.swift in Sources */,
				8CF997C12AA55DC500ACAA50 /* CameraViewFifth.swift in Sources */,
				8C3EE5332A9433060095D2BF /* ContentView.swift in Sources */,
				8C3EE5312A9433060095D2BF /* KeepUp_App.swift in Sources */,
				8CF997C32AA55DCC00ACAA50 /* CameraViewSixth.swift in Sources */,
				8CF997C52AA55DD200ACAA50 /* CameraViewSeventh.swift in Sources */,
			);
			runOnlyForDeploymentPostprocessing = 0;
		};
		8C3EE5392A9433070095D2BF /* Sources */ = {
			isa = PBXSourcesBuildPhase;
			buildActionMask = 2147483647;
			files = (
				8C3EE5422A9433070095D2BF /* KeepUp_Tests.swift in Sources */,
			);
			runOnlyForDeploymentPostprocessing = 0;
		};
		8C3EE5432A9433070095D2BF /* Sources */ = {
			isa = PBXSourcesBuildPhase;
			buildActionMask = 2147483647;
			files = (
				8C3EE54E2A9433070095D2BF /* KeepUp_UITestsLaunchTests.swift in Sources */,
				8C3EE54C2A9433070095D2BF /* KeepUp_UITests.swift in Sources */,
			);
			runOnlyForDeploymentPostprocessing = 0;
		};
/* End PBXSourcesBuildPhase section */

/* Begin PBXTargetDependency section */
		8C3EE53F2A9433070095D2BF /* PBXTargetDependency */ = {
			isa = PBXTargetDependency;
			target = 8C3EE52C2A9433060095D2BF /* KeepUp! */;
			targetProxy = 8C3EE53E2A9433070095D2BF /* PBXContainerItemProxy */;
		};
		8C3EE5492A9433070095D2BF /* PBXTargetDependency */ = {
			isa = PBXTargetDependency;
			target = 8C3EE52C2A9433060095D2BF /* KeepUp! */;
			targetProxy = 8C3EE5482A9433070095D2BF /* PBXContainerItemProxy */;
		};
/* End PBXTargetDependency section */

/* Begin XCBuildConfiguration section */
		8C3EE54F2A9433070095D2BF /* Debug */ = {
			isa = XCBuildConfiguration;
			buildSettings = {
				ALWAYS_SEARCH_USER_PATHS = NO;
				CLANG_ANALYZER_NONNULL = YES;
				CLANG_ANALYZER_NUMBER_OBJECT_CONVERSION = YES_AGGRESSIVE;
				CLANG_CXX_LANGUAGE_STANDARD = "gnu++20";
				CLANG_ENABLE_MODULES = YES;
				CLANG_ENABLE_OBJC_ARC = YES;
				CLANG_ENABLE_OBJC_WEAK = YES;
				CLANG_WARN_BLOCK_CAPTURE_AUTORELEASING = YES;
				CLANG_WARN_BOOL_CONVERSION = YES;
				CLANG_WARN_COMMA = YES;
				CLANG_WARN_CONSTANT_CONVERSION = YES;
				CLANG_WARN_DEPRECATED_OBJC_IMPLEMENTATIONS = YES;
				CLANG_WARN_DIRECT_OBJC_ISA_USAGE = YES_ERROR;
				CLANG_WARN_DOCUMENTATION_COMMENTS = YES;
				CLANG_WARN_EMPTY_BODY = YES;
				CLANG_WARN_ENUM_CONVERSION = YES;
				CLANG_WARN_INFINITE_RECURSION = YES;
				CLANG_WARN_INT_CONVERSION = YES;
				CLANG_WARN_NON_LITERAL_NULL_CONVERSION = YES;
				CLANG_WARN_OBJC_IMPLICIT_RETAIN_SELF = YES;
				CLANG_WARN_OBJC_LITERAL_CONVERSION = YES;
				CLANG_WARN_OBJC_ROOT_CLASS = YES_ERROR;
				CLANG_WARN_QUOTED_INCLUDE_IN_FRAMEWORK_HEADER = YES;
				CLANG_WARN_RANGE_LOOP_ANALYSIS = YES;
				CLANG_WARN_STRICT_PROTOTYPES = YES;
				CLANG_WARN_SUSPICIOUS_MOVE = YES;
				CLANG_WARN_UNGUARDED_AVAILABILITY = YES_AGGRESSIVE;
				CLANG_WARN_UNREACHABLE_CODE = YES;
				CLANG_WARN__DUPLICATE_METHOD_MATCH = YES;
				COPY_PHASE_STRIP = NO;
				DEBUG_INFORMATION_FORMAT = dwarf;
				ENABLE_STRICT_OBJC_MSGSEND = YES;
				ENABLE_TESTABILITY = YES;
				GCC_C_LANGUAGE_STANDARD = gnu11;
				GCC_DYNAMIC_NO_PIC = NO;
				GCC_NO_COMMON_BLOCKS = YES;
				GCC_OPTIMIZATION_LEVEL = 0;
				GCC_PREPROCESSOR_DEFINITIONS = (
					"DEBUG=1",
					"$(inherited)",
				);
				GCC_WARN_64_TO_32_BIT_CONVERSION = YES;
				GCC_WARN_ABOUT_RETURN_TYPE = YES_ERROR;
				GCC_WARN_UNDECLARED_SELECTOR = YES;
				GCC_WARN_UNINITIALIZED_AUTOS = YES_AGGRESSIVE;
				GCC_WARN_UNUSED_FUNCTION = YES;
				GCC_WARN_UNUSED_VARIABLE = YES;
				IPHONEOS_DEPLOYMENT_TARGET = 16.4;
				MTL_ENABLE_DEBUG_INFO = INCLUDE_SOURCE;
				MTL_FAST_MATH = YES;
				ONLY_ACTIVE_ARCH = YES;
				SDKROOT = iphoneos;
				SWIFT_ACTIVE_COMPILATION_CONDITIONS = DEBUG;
				SWIFT_OPTIMIZATION_LEVEL = "-Onone";
			};
			name = Debug;
		};
		8C3EE5502A9433070095D2BF /* Release */ = {
			isa = XCBuildConfiguration;
			buildSettings = {
				ALWAYS_SEARCH_USER_PATHS = NO;
				CLANG_ANALYZER_NONNULL = YES;
				CLANG_ANALYZER_NUMBER_OBJECT_CONVERSION = YES_AGGRESSIVE;
				CLANG_CXX_LANGUAGE_STANDARD = "gnu++20";
				CLANG_ENABLE_MODULES = YES;
				CLANG_ENABLE_OBJC_ARC = YES;
				CLANG_ENABLE_OBJC_WEAK = YES;
				CLANG_WARN_BLOCK_CAPTURE_AUTORELEASING = YES;
				CLANG_WARN_BOOL_CONVERSION = YES;
				CLANG_WARN_COMMA = YES;
				CLANG_WARN_CONSTANT_CONVERSION = YES;
				CLANG_WARN_DEPRECATED_OBJC_IMPLEMENTATIONS = YES;
				CLANG_WARN_DIRECT_OBJC_ISA_USAGE = YES_ERROR;
				CLANG_WARN_DOCUMENTATION_COMMENTS = YES;
				CLANG_WARN_EMPTY_BODY = YES;
				CLANG_WARN_ENUM_CONVERSION = YES;
				CLANG_WARN_INFINITE_RECURSION = YES;
				CLANG_WARN_INT_CONVERSION = YES;
				CLANG_WARN_NON_LITERAL_NULL_CONVERSION = YES;
				CLANG_WARN_OBJC_IMPLICIT_RETAIN_SELF = YES;
				CLANG_WARN_OBJC_LITERAL_CONVERSION = YES;
				CLANG_WARN_OBJC_ROOT_CLASS = YES_ERROR;
				CLANG_WARN_QUOTED_INCLUDE_IN_FRAMEWORK_HEADER = YES;
				CLANG_WARN_RANGE_LOOP_ANALYSIS = YES;
				CLANG_WARN_STRICT_PROTOTYPES = YES;
				CLANG_WARN_SUSPICIOUS_MOVE = YES;
				CLANG_WARN_UNGUARDED_AVAILABILITY = YES_AGGRESSIVE;
				CLANG_WARN_UNREACHABLE_CODE = YES;
				CLANG_WARN__DUPLICATE_METHOD_MATCH = YES;
				COPY_PHASE_STRIP = NO;
				DEBUG_INFORMATION_FORMAT = "dwarf-with-dsym";
				ENABLE_NS_ASSERTIONS = NO;
				ENABLE_STRICT_OBJC_MSGSEND = YES;
				GCC_C_LANGUAGE_STANDARD = gnu11;
				GCC_NO_COMMON_BLOCKS = YES;
				GCC_WARN_64_TO_32_BIT_CONVERSION = YES;
				GCC_WARN_ABOUT_RETURN_TYPE = YES_ERROR;
				GCC_WARN_UNDECLARED_SELECTOR = YES;
				GCC_WARN_UNINITIALIZED_AUTOS = YES_AGGRESSIVE;
				GCC_WARN_UNUSED_FUNCTION = YES;
				GCC_WARN_UNUSED_VARIABLE = YES;
				IPHONEOS_DEPLOYMENT_TARGET = 16.4;
				MTL_ENABLE_DEBUG_INFO = NO;
				MTL_FAST_MATH = YES;
				SDKROOT = iphoneos;
				SWIFT_COMPILATION_MODE = wholemodule;
				SWIFT_OPTIMIZATION_LEVEL = "-O";
				VALIDATE_PRODUCT = YES;
			};
			name = Release;
		};
		8C3EE5522A9433070095D2BF /* Debug */ = {
			isa = XCBuildConfiguration;
			buildSettings = {
				ASSETCATALOG_COMPILER_APPICON_NAME = AppIcon;
				ASSETCATALOG_COMPILER_GLOBAL_ACCENT_COLOR_NAME = AccentColor;
				CODE_SIGN_STYLE = Automatic;
				CURRENT_PROJECT_VERSION = 1;
				DEVELOPMENT_ASSET_PATHS = "\"KeepUp!/Preview Content\"";
				DEVELOPMENT_TEAM = 2C32G7LR87;
				ENABLE_PREVIEWS = YES;
				GENERATE_INFOPLIST_FILE = YES;
				INFOPLIST_KEY_NSCameraUsageDescription = "This app uses the camera to capture photos.";
				INFOPLIST_KEY_NSMicrophoneUsageDescription = "This app will use the microphone when the camera is active.";
				INFOPLIST_KEY_UIApplicationSceneManifest_Generation = YES;
				INFOPLIST_KEY_UIApplicationSupportsIndirectInputEvents = YES;
				INFOPLIST_KEY_UILaunchScreen_Generation = YES;
				INFOPLIST_KEY_UILaunchStoryboardName = "Launch Screen.storyboard";
				INFOPLIST_KEY_UISupportedInterfaceOrientations_iPad = "UIInterfaceOrientationPortrait UIInterfaceOrientationPortraitUpsideDown UIInterfaceOrientationLandscapeLeft UIInterfaceOrientationLandscapeRight";
				INFOPLIST_KEY_UISupportedInterfaceOrientations_iPhone = "UIInterfaceOrientationPortrait UIInterfaceOrientationLandscapeLeft UIInterfaceOrientationLandscapeRight";
				LD_RUNPATH_SEARCH_PATHS = (
					"$(inherited)",
					"@executable_path/Frameworks",
				);
				MARKETING_VERSION = 1.0;
				PRODUCT_BUNDLE_IDENTIFIER = "Joseph.KeepUp.KeepUp-";
				PRODUCT_NAME = "$(TARGET_NAME)";
				SUPPORTED_PLATFORMS = "iphoneos iphonesimulator";
				SUPPORTS_MACCATALYST = NO;
				SUPPORTS_MAC_DESIGNED_FOR_IPHONE_IPAD = YES;
				SWIFT_EMIT_LOC_STRINGS = YES;
				SWIFT_VERSION = 5.0;
				TARGETED_DEVICE_FAMILY = "1,2";
			};
			name = Debug;
		};
		8C3EE5532A9433070095D2BF /* Release */ = {
			isa = XCBuildConfiguration;
			buildSettings = {
				ASSETCATALOG_COMPILER_APPICON_NAME = AppIcon;
				ASSETCATALOG_COMPILER_GLOBAL_ACCENT_COLOR_NAME = AccentColor;
				CODE_SIGN_STYLE = Automatic;
				CURRENT_PROJECT_VERSION = 1;
				DEVELOPMENT_ASSET_PATHS = "\"KeepUp!/Preview Content\"";
				DEVELOPMENT_TEAM = 2C32G7LR87;
				ENABLE_PREVIEWS = YES;
				GENERATE_INFOPLIST_FILE = YES;
				INFOPLIST_KEY_NSCameraUsageDescription = "This app uses the camera to capture photos.";
				INFOPLIST_KEY_NSMicrophoneUsageDescription = "This app will use the microphone when the camera is active.";
				INFOPLIST_KEY_UIApplicationSceneManifest_Generation = YES;
				INFOPLIST_KEY_UIApplicationSupportsIndirectInputEvents = YES;
				INFOPLIST_KEY_UILaunchScreen_Generation = YES;
				INFOPLIST_KEY_UILaunchStoryboardName = "Launch Screen.storyboard";
				INFOPLIST_KEY_UISupportedInterfaceOrientations_iPad = "UIInterfaceOrientationPortrait UIInterfaceOrientationPortraitUpsideDown UIInterfaceOrientationLandscapeLeft UIInterfaceOrientationLandscapeRight";
				INFOPLIST_KEY_UISupportedInterfaceOrientations_iPhone = "UIInterfaceOrientationPortrait UIInterfaceOrientationLandscapeLeft UIInterfaceOrientationLandscapeRight";
				LD_RUNPATH_SEARCH_PATHS = (
					"$(inherited)",
					"@executable_path/Frameworks",
				);
				MARKETING_VERSION = 1.0;
				PRODUCT_BUNDLE_IDENTIFIER = "Joseph.KeepUp.KeepUp-";
				PRODUCT_NAME = "$(TARGET_NAME)";
				SUPPORTED_PLATFORMS = "iphoneos iphonesimulator";
				SUPPORTS_MACCATALYST = NO;
				SUPPORTS_MAC_DESIGNED_FOR_IPHONE_IPAD = YES;
				SWIFT_EMIT_LOC_STRINGS = YES;
				SWIFT_VERSION = 5.0;
				TARGETED_DEVICE_FAMILY = "1,2";
			};
			name = Release;
		};
		8C3EE5552A9433070095D2BF /* Debug */ = {
			isa = XCBuildConfiguration;
			buildSettings = {
				ALWAYS_EMBED_SWIFT_STANDARD_LIBRARIES = YES;
				BUNDLE_LOADER = "$(TEST_HOST)";
				CODE_SIGN_STYLE = Automatic;
				CURRENT_PROJECT_VERSION = 1;
				DEVELOPMENT_TEAM = 2C32G7LR87;
				GENERATE_INFOPLIST_FILE = YES;
				IPHONEOS_DEPLOYMENT_TARGET = 16.4;
				MARKETING_VERSION = 1.0;
				PRODUCT_BUNDLE_IDENTIFIER = "Joseph.KeepUp.KeepUp-Tests";
				PRODUCT_NAME = "$(TARGET_NAME)";
				SWIFT_EMIT_LOC_STRINGS = NO;
				SWIFT_VERSION = 5.0;
				TARGETED_DEVICE_FAMILY = "1,2";
				TEST_HOST = "$(BUILT_PRODUCTS_DIR)/KeepUp!.app/$(BUNDLE_EXECUTABLE_FOLDER_PATH)/KeepUp!";
			};
			name = Debug;
		};
		8C3EE5562A9433070095D2BF /* Release */ = {
			isa = XCBuildConfiguration;
			buildSettings = {
				ALWAYS_EMBED_SWIFT_STANDARD_LIBRARIES = YES;
				BUNDLE_LOADER = "$(TEST_HOST)";
				CODE_SIGN_STYLE = Automatic;
				CURRENT_PROJECT_VERSION = 1;
				DEVELOPMENT_TEAM = 2C32G7LR87;
				GENERATE_INFOPLIST_FILE = YES;
				IPHONEOS_DEPLOYMENT_TARGET = 16.4;
				MARKETING_VERSION = 1.0;
				PRODUCT_BUNDLE_IDENTIFIER = "Joseph.KeepUp.KeepUp-Tests";
				PRODUCT_NAME = "$(TARGET_NAME)";
				SWIFT_EMIT_LOC_STRINGS = NO;
				SWIFT_VERSION = 5.0;
				TARGETED_DEVICE_FAMILY = "1,2";
				TEST_HOST = "$(BUILT_PRODUCTS_DIR)/KeepUp!.app/$(BUNDLE_EXECUTABLE_FOLDER_PATH)/KeepUp!";
			};
			name = Release;
		};
		8C3EE5582A9433070095D2BF /* Debug */ = {
			isa = XCBuildConfiguration;
			buildSettings = {
				ALWAYS_EMBED_SWIFT_STANDARD_LIBRARIES = YES;
				CODE_SIGN_STYLE = Automatic;
				CURRENT_PROJECT_VERSION = 1;
				DEVELOPMENT_TEAM = 2C32G7LR87;
				GENERATE_INFOPLIST_FILE = YES;
				MARKETING_VERSION = 1.0;
				PRODUCT_BUNDLE_IDENTIFIER = "Joseph.KeepUp.KeepUp-UITests";
				PRODUCT_NAME = "$(TARGET_NAME)";
				SWIFT_EMIT_LOC_STRINGS = NO;
				SWIFT_VERSION = 5.0;
				TARGETED_DEVICE_FAMILY = "1,2";
				TEST_TARGET_NAME = "KeepUp!";
			};
			name = Debug;
		};
		8C3EE5592A9433070095D2BF /* Release */ = {
			isa = XCBuildConfiguration;
			buildSettings = {
				ALWAYS_EMBED_SWIFT_STANDARD_LIBRARIES = YES;
				CODE_SIGN_STYLE = Automatic;
				CURRENT_PROJECT_VERSION = 1;
				DEVELOPMENT_TEAM = 2C32G7LR87;
				GENERATE_INFOPLIST_FILE = YES;
				MARKETING_VERSION = 1.0;
				PRODUCT_BUNDLE_IDENTIFIER = "Joseph.KeepUp.KeepUp-UITests";
				PRODUCT_NAME = "$(TARGET_NAME)";
				SWIFT_EMIT_LOC_STRINGS = NO;
				SWIFT_VERSION = 5.0;
				TARGETED_DEVICE_FAMILY = "1,2";
				TEST_TARGET_NAME = "KeepUp!";
			};
			name = Release;
		};
/* End XCBuildConfiguration section */

/* Begin XCConfigurationList section */
		8C3EE5282A9433060095D2BF /* Build configuration list for PBXProject "KeepUp!" */ = {
			isa = XCConfigurationList;
			buildConfigurations = (
				8C3EE54F2A9433070095D2BF /* Debug */,
				8C3EE5502A9433070095D2BF /* Release */,
			);
			defaultConfigurationIsVisible = 0;
			defaultConfigurationName = Release;
		};
		8C3EE5512A9433070095D2BF /* Build configuration list for PBXNativeTarget "KeepUp!" */ = {
			isa = XCConfigurationList;
			buildConfigurations = (
				8C3EE5522A9433070095D2BF /* Debug */,
				8C3EE5532A9433070095D2BF /* Release */,
			);
			defaultConfigurationIsVisible = 0;
			defaultConfigurationName = Release;
		};
		8C3EE5542A9433070095D2BF /* Build configuration list for PBXNativeTarget "KeepUp!Tests" */ = {
			isa = XCConfigurationList;
			buildConfigurations = (
				8C3EE5552A9433070095D2BF /* Debug */,
				8C3EE5562A9433070095D2BF /* Release */,
			);
			defaultConfigurationIsVisible = 0;
			defaultConfigurationName = Release;
		};
		8C3EE5572A9433070095D2BF /* Build configuration list for PBXNativeTarget "KeepUp!UITests" */ = {
			isa = XCConfigurationList;
			buildConfigurations = (
				8C3EE5582A9433070095D2BF /* Debug */,
				8C3EE5592A9433070095D2BF /* Release */,
			);
			defaultConfigurationIsVisible = 0;
			defaultConfigurationName = Release;
		};
/* End XCConfigurationList section */

/* Begin XCRemoteSwiftPackageReference section */
		8CE77F942AAB8BC700F9DA08 /* XCRemoteSwiftPackageReference "firebase-ios-sdk" */ = {
			isa = XCRemoteSwiftPackageReference;
			repositoryURL = "https://github.com/firebase/firebase-ios-sdk.git";
			requirement = {
				kind = upToNextMajorVersion;
				minimumVersion = 10.0.0;
			};
		};
/* End XCRemoteSwiftPackageReference section */

/* Begin XCSwiftPackageProductDependency section */
		8CE77F952AAB8BC700F9DA08 /* FirebaseAnalytics */ = {
			isa = XCSwiftPackageProductDependency;
			package = 8CE77F942AAB8BC700F9DA08 /* XCRemoteSwiftPackageReference "firebase-ios-sdk" */;
			productName = FirebaseAnalytics;
		};
		8CE77F972AAB8BC700F9DA08 /* FirebaseDatabase */ = {
			isa = XCSwiftPackageProductDependency;
			package = 8CE77F942AAB8BC700F9DA08 /* XCRemoteSwiftPackageReference "firebase-ios-sdk" */;
			productName = FirebaseDatabase;
		};
		8CE77F992AAB8BC700F9DA08 /* FirebaseDatabaseSwift */ = {
			isa = XCSwiftPackageProductDependency;
			package = 8CE77F942AAB8BC700F9DA08 /* XCRemoteSwiftPackageReference "firebase-ios-sdk" */;
			productName = FirebaseDatabaseSwift;
		};
		8CE77F9B2AAB8BC700F9DA08 /* FirebaseStorage */ = {
			isa = XCSwiftPackageProductDependency;
			package = 8CE77F942AAB8BC700F9DA08 /* XCRemoteSwiftPackageReference "firebase-ios-sdk" */;
			productName = FirebaseStorage;
		};
/* End XCSwiftPackageProductDependency section */
	};
	rootObject = 8C3EE5252A9433060095D2BF /* Project object */;
}
